// !$*UTF8*$!
{
	archiveVersion = 1;
	classes = {
	};
	objectVersion = 55;
	objects = {

/* Begin PBXBuildFile section */
		3C914433289144D7004FA92E /* FructusApp.swift in Sources */ = {isa = PBXBuildFile; fileRef = 3C914432289144D7004FA92E /* FructusApp.swift */; };
		3C914435289144D7004FA92E /* ContentView.swift in Sources */ = {isa = PBXBuildFile; fileRef = 3C914434289144D7004FA92E /* ContentView.swift */; };
		3C914437289144D8004FA92E /* Assets.xcassets in Resources */ = {isa = PBXBuildFile; fileRef = 3C914436289144D8004FA92E /* Assets.xcassets */; };
		3C91443A289144D8004FA92E /* Preview Assets.xcassets in Resources */ = {isa = PBXBuildFile; fileRef = 3C914439289144D8004FA92E /* Preview Assets.xcassets */; };
		3C914443289165EB004FA92E /* FruitCardView.swift in Sources */ = {isa = PBXBuildFile; fileRef = 3C914442289165EB004FA92E /* FruitCardView.swift */; };
		3C91444528916F77004FA92E /* StartButtonView.swift in Sources */ = {isa = PBXBuildFile; fileRef = 3C91444428916F77004FA92E /* StartButtonView.swift */; };
		3C914447289174EA004FA92E /* OnboardingView.swift in Sources */ = {isa = PBXBuildFile; fileRef = 3C914446289174EA004FA92E /* OnboardingView.swift */; };
		3C91444A28917755004FA92E /* FruitModel.swift in Sources */ = {isa = PBXBuildFile; fileRef = 3C91444928917755004FA92E /* FruitModel.swift */; };
		3C91444D28919150004FA92E /* FruitsData.swift in Sources */ = {isa = PBXBuildFile; fileRef = 3C91444C28919150004FA92E /* FruitsData.swift */; };
		3C91444F2892B194004FA92E /* FruitRowView.swift in Sources */ = {isa = PBXBuildFile; fileRef = 3C91444E2892B194004FA92E /* FruitRowView.swift */; };
		3C9144512892C281004FA92E /* FruitDetailView.swift in Sources */ = {isa = PBXBuildFile; fileRef = 3C9144502892C281004FA92E /* FruitDetailView.swift */; };
		3C9144532892C7D6004FA92E /* FruitHeaderView.swift in Sources */ = {isa = PBXBuildFile; fileRef = 3C9144522892C7D6004FA92E /* FruitHeaderView.swift */; };
		3C9144552892CAA1004FA92E /* SourceLinkView.swift in Sources */ = {isa = PBXBuildFile; fileRef = 3C9144542892CAA1004FA92E /* SourceLinkView.swift */; };
		3C9144572893E11B004FA92E /* FruitNutrientsView.swift in Sources */ = {isa = PBXBuildFile; fileRef = 3C9144562893E11B004FA92E /* FruitNutrientsView.swift */; };
		3C9144592893E868004FA92E /* SettingsView.swift in Sources */ = {isa = PBXBuildFile; fileRef = 3C9144582893E868004FA92E /* SettingsView.swift */; };
		3C91445B2893ECD1004FA92E /* SettingslabelView.swift in Sources */ = {isa = PBXBuildFile; fileRef = 3C91445A2893ECD1004FA92E /* SettingslabelView.swift */; };
		3C91445D2893F0E1004FA92E /* SettingsRowView.swift in Sources */ = {isa = PBXBuildFile; fileRef = 3C91445C2893F0E1004FA92E /* SettingsRowView.swift */; };
/* End PBXBuildFile section */

/* Begin PBXFileReference section */
		3C91442F289144D7004FA92E /* Fructus.app */ = {isa = PBXFileReference; explicitFileType = wrapper.application; includeInIndex = 0; path = Fructus.app; sourceTree = BUILT_PRODUCTS_DIR; };
		3C914432289144D7004FA92E /* FructusApp.swift */ = {isa = PBXFileReference; lastKnownFileType = sourcecode.swift; path = FructusApp.swift; sourceTree = "<group>"; };
		3C914434289144D7004FA92E /* ContentView.swift */ = {isa = PBXFileReference; lastKnownFileType = sourcecode.swift; path = ContentView.swift; sourceTree = "<group>"; };
		3C914436289144D8004FA92E /* Assets.xcassets */ = {isa = PBXFileReference; lastKnownFileType = folder.assetcatalog; path = Assets.xcassets; sourceTree = "<group>"; };
		3C914439289144D8004FA92E /* Preview Assets.xcassets */ = {isa = PBXFileReference; lastKnownFileType = folder.assetcatalog; path = "Preview Assets.xcassets"; sourceTree = "<group>"; };
		3C914442289165EB004FA92E /* FruitCardView.swift */ = {isa = PBXFileReference; lastKnownFileType = sourcecode.swift; path = FruitCardView.swift; sourceTree = "<group>"; };
		3C91444428916F77004FA92E /* StartButtonView.swift */ = {isa = PBXFileReference; lastKnownFileType = sourcecode.swift; path = StartButtonView.swift; sourceTree = "<group>"; };
		3C914446289174EA004FA92E /* OnboardingView.swift */ = {isa = PBXFileReference; lastKnownFileType = sourcecode.swift; path = OnboardingView.swift; sourceTree = "<group>"; };
		3C91444928917755004FA92E /* FruitModel.swift */ = {isa = PBXFileReference; lastKnownFileType = sourcecode.swift; path = FruitModel.swift; sourceTree = "<group>"; };
		3C91444C28919150004FA92E /* FruitsData.swift */ = {isa = PBXFileReference; lastKnownFileType = sourcecode.swift; path = FruitsData.swift; sourceTree = "<group>"; };
		3C91444E2892B194004FA92E /* FruitRowView.swift */ = {isa = PBXFileReference; lastKnownFileType = sourcecode.swift; path = FruitRowView.swift; sourceTree = "<group>"; };
		3C9144502892C281004FA92E /* FruitDetailView.swift */ = {isa = PBXFileReference; lastKnownFileType = sourcecode.swift; path = FruitDetailView.swift; sourceTree = "<group>"; };
		3C9144522892C7D6004FA92E /* FruitHeaderView.swift */ = {isa = PBXFileReference; lastKnownFileType = sourcecode.swift; path = FruitHeaderView.swift; sourceTree = "<group>"; };
		3C9144542892CAA1004FA92E /* SourceLinkView.swift */ = {isa = PBXFileReference; lastKnownFileType = sourcecode.swift; path = SourceLinkView.swift; sourceTree = "<group>"; };
		3C9144562893E11B004FA92E /* FruitNutrientsView.swift */ = {isa = PBXFileReference; lastKnownFileType = sourcecode.swift; path = FruitNutrientsView.swift; sourceTree = "<group>"; };
		3C9144582893E868004FA92E /* SettingsView.swift */ = {isa = PBXFileReference; lastKnownFileType = sourcecode.swift; path = SettingsView.swift; sourceTree = "<group>"; };
		3C91445A2893ECD1004FA92E /* SettingslabelView.swift */ = {isa = PBXFileReference; lastKnownFileType = sourcecode.swift; path = SettingslabelView.swift; sourceTree = "<group>"; };
		3C91445C2893F0E1004FA92E /* SettingsRowView.swift */ = {isa = PBXFileReference; lastKnownFileType = sourcecode.swift; path = SettingsRowView.swift; sourceTree = "<group>"; };
/* End PBXFileReference section */

/* Begin PBXFrameworksBuildPhase section */
		3C91442C289144D7004FA92E /* Frameworks */ = {
			isa = PBXFrameworksBuildPhase;
			buildActionMask = 2147483647;
			files = (
			);
			runOnlyForDeploymentPostprocessing = 0;
		};
/* End PBXFrameworksBuildPhase section */

/* Begin PBXGroup section */
		3C914426289144D7004FA92E = {
			isa = PBXGroup;
			children = (
				3C914431289144D7004FA92E /* Fructus */,
				3C914430289144D7004FA92E /* Products */,
			);
			sourceTree = "<group>";
		};
		3C914430289144D7004FA92E /* Products */ = {
			isa = PBXGroup;
			children = (
				3C91442F289144D7004FA92E /* Fructus.app */,
			);
			name = Products;
			sourceTree = "<group>";
		};
		3C914431289144D7004FA92E /* Fructus */ = {
			isa = PBXGroup;
			children = (
				3C91444B28919138004FA92E /* Data */,
				3C91444828917742004FA92E /* Model */,
				3C914441289165B5004FA92E /* View */,
				3C914440289165A9004FA92E /* App */,
				3C914436289144D8004FA92E /* Assets.xcassets */,
				3C914438289144D8004FA92E /* Preview Content */,
			);
			path = Fructus;
			sourceTree = "<group>";
		};
		3C914438289144D8004FA92E /* Preview Content */ = {
			isa = PBXGroup;
			children = (
				3C914439289144D8004FA92E /* Preview Assets.xcassets */,
			);
			path = "Preview Content";
			sourceTree = "<group>";
		};
		3C914440289165A9004FA92E /* App */ = {
			isa = PBXGroup;
			children = (
				3C914432289144D7004FA92E /* FructusApp.swift */,
				3C914434289144D7004FA92E /* ContentView.swift */,
				3C914446289174EA004FA92E /* OnboardingView.swift */,
				3C9144502892C281004FA92E /* FruitDetailView.swift */,
				3C9144582893E868004FA92E /* SettingsView.swift */,
			);
			path = App;
			sourceTree = "<group>";
		};
		3C914441289165B5004FA92E /* View */ = {
			isa = PBXGroup;
			children = (
				3C914442289165EB004FA92E /* FruitCardView.swift */,
				3C91444428916F77004FA92E /* StartButtonView.swift */,
				3C91444E2892B194004FA92E /* FruitRowView.swift */,
				3C9144522892C7D6004FA92E /* FruitHeaderView.swift */,
				3C9144542892CAA1004FA92E /* SourceLinkView.swift */,
				3C9144562893E11B004FA92E /* FruitNutrientsView.swift */,
				3C91445A2893ECD1004FA92E /* SettingslabelView.swift */,
				3C91445C2893F0E1004FA92E /* SettingsRowView.swift */,
			);
			path = View;
			sourceTree = "<group>";
		};
		3C91444828917742004FA92E /* Model */ = {
			isa = PBXGroup;
			children = (
				3C91444928917755004FA92E /* FruitModel.swift */,
			);
			path = Model;
			sourceTree = "<group>";
		};
		3C91444B28919138004FA92E /* Data */ = {
			isa = PBXGroup;
			children = (
				3C91444C28919150004FA92E /* FruitsData.swift */,
			);
			path = Data;
			sourceTree = "<group>";
		};
/* End PBXGroup section */

/* Begin PBXNativeTarget section */
		3C91442E289144D7004FA92E /* Fructus */ = {
			isa = PBXNativeTarget;
			buildConfigurationList = 3C91443D289144D8004FA92E /* Build configuration list for PBXNativeTarget "Fructus" */;
			buildPhases = (
				3C91442B289144D7004FA92E /* Sources */,
				3C91442C289144D7004FA92E /* Frameworks */,
				3C91442D289144D7004FA92E /* Resources */,
			);
			buildRules = (
			);
			dependencies = (
			);
			name = Fructus;
			productName = Fructus;
			productReference = 3C91442F289144D7004FA92E /* Fructus.app */;
			productType = "com.apple.product-type.application";
		};
/* End PBXNativeTarget section */

/* Begin PBXProject section */
		3C914427289144D7004FA92E /* Project object */ = {
			isa = PBXProject;
			attributes = {
				BuildIndependentTargetsInParallel = 1;
				LastSwiftUpdateCheck = 1340;
				LastUpgradeCheck = 1340;
				TargetAttributes = {
					3C91442E289144D7004FA92E = {
						CreatedOnToolsVersion = 13.4.1;
					};
				};
			};
			buildConfigurationList = 3C91442A289144D7004FA92E /* Build configuration list for PBXProject "Fructus" */;
			compatibilityVersion = "Xcode 13.0";
			developmentRegion = en;
			hasScannedForEncodings = 0;
			knownRegions = (
				en,
				Base,
			);
			mainGroup = 3C914426289144D7004FA92E;
			productRefGroup = 3C914430289144D7004FA92E /* Products */;
			projectDirPath = "";
			projectRoot = "";
			targets = (
				3C91442E289144D7004FA92E /* Fructus */,
			);
		};
/* End PBXProject section */

/* Begin PBXResourcesBuildPhase section */
		3C91442D289144D7004FA92E /* Resources */ = {
			isa = PBXResourcesBuildPhase;
			buildActionMask = 2147483647;
			files = (
				3C91443A289144D8004FA92E /* Preview Assets.xcassets in Resources */,
				3C914437289144D8004FA92E /* Assets.xcassets in Resources */,
			);
			runOnlyForDeploymentPostprocessing = 0;
		};
/* End PBXResourcesBuildPhase section */

/* Begin PBXSourcesBuildPhase section */
		3C91442B289144D7004FA92E /* Sources */ = {
			isa = PBXSourcesBuildPhase;
			buildActionMask = 2147483647;
			files = (
				3C914443289165EB004FA92E /* FruitCardView.swift in Sources */,
				3C9144552892CAA1004FA92E /* SourceLinkView.swift in Sources */,
				3C91445D2893F0E1004FA92E /* SettingsRowView.swift in Sources */,
				3C91444528916F77004FA92E /* StartButtonView.swift in Sources */,
				3C91444F2892B194004FA92E /* FruitRowView.swift in Sources */,
				3C9144572893E11B004FA92E /* FruitNutrientsView.swift in Sources */,
				3C914435289144D7004FA92E /* ContentView.swift in Sources */,
				3C91445B2893ECD1004FA92E /* SettingslabelView.swift in Sources */,
				3C9144512892C281004FA92E /* FruitDetailView.swift in Sources */,
				3C914447289174EA004FA92E /* OnboardingView.swift in Sources */,
				3C9144532892C7D6004FA92E /* FruitHeaderView.swift in Sources */,
				3C91444D28919150004FA92E /* FruitsData.swift in Sources */,
				3C91444A28917755004FA92E /* FruitModel.swift in Sources */,
				3C914433289144D7004FA92E /* FructusApp.swift in Sources */,
				3C9144592893E868004FA92E /* SettingsView.swift in Sources */,
			);
			runOnlyForDeploymentPostprocessing = 0;
		};
/* End PBXSourcesBuildPhase section */

/* Begin XCBuildConfiguration section */
		3C91443B289144D8004FA92E /* Debug */ = {
			isa = XCBuildConfiguration;
			buildSettings = {
				ALWAYS_SEARCH_USER_PATHS = NO;
				CLANG_ANALYZER_NONNULL = YES;
				CLANG_ANALYZER_NUMBER_OBJECT_CONVERSION = YES_AGGRESSIVE;
				CLANG_CXX_LANGUAGE_STANDARD = "gnu++17";
				CLANG_ENABLE_MODULES = YES;
				CLANG_ENABLE_OBJC_ARC = YES;
				CLANG_ENABLE_OBJC_WEAK = YES;
				CLANG_WARN_BLOCK_CAPTURE_AUTORELEASING = YES;
				CLANG_WARN_BOOL_CONVERSION = YES;
				CLANG_WARN_COMMA = YES;
				CLANG_WARN_CONSTANT_CONVERSION = YES;
				CLANG_WARN_DEPRECATED_OBJC_IMPLEMENTATIONS = YES;
				CLANG_WARN_DIRECT_OBJC_ISA_USAGE = YES_ERROR;
				CLANG_WARN_DOCUMENTATION_COMMENTS = YES;
				CLANG_WARN_EMPTY_BODY = YES;
				CLANG_WARN_ENUM_CONVERSION = YES;
				CLANG_WARN_INFINITE_RECURSION = YES;
				CLANG_WARN_INT_CONVERSION = YES;
				CLANG_WARN_NON_LITERAL_NULL_CONVERSION = YES;
				CLANG_WARN_OBJC_IMPLICIT_RETAIN_SELF = YES;
				CLANG_WARN_OBJC_LITERAL_CONVERSION = YES;
				CLANG_WARN_OBJC_ROOT_CLASS = YES_ERROR;
				CLANG_WARN_QUOTED_INCLUDE_IN_FRAMEWORK_HEADER = YES;
				CLANG_WARN_RANGE_LOOP_ANALYSIS = YES;
				CLANG_WARN_STRICT_PROTOTYPES = YES;
				CLANG_WARN_SUSPICIOUS_MOVE = YES;
				CLANG_WARN_UNGUARDED_AVAILABILITY = YES_AGGRESSIVE;
				CLANG_WARN_UNREACHABLE_CODE = YES;
				CLANG_WARN__DUPLICATE_METHOD_MATCH = YES;
				COPY_PHASE_STRIP = NO;
				DEBUG_INFORMATION_FORMAT = dwarf;
				ENABLE_STRICT_OBJC_MSGSEND = YES;
				ENABLE_TESTABILITY = YES;
				GCC_C_LANGUAGE_STANDARD = gnu11;
				GCC_DYNAMIC_NO_PIC = NO;
				GCC_NO_COMMON_BLOCKS = YES;
				GCC_OPTIMIZATION_LEVEL = 0;
				GCC_PREPROCESSOR_DEFINITIONS = (
					"DEBUG=1",
					"$(inherited)",
				);
				GCC_WARN_64_TO_32_BIT_CONVERSION = YES;
				GCC_WARN_ABOUT_RETURN_TYPE = YES_ERROR;
				GCC_WARN_UNDECLARED_SELECTOR = YES;
				GCC_WARN_UNINITIALIZED_AUTOS = YES_AGGRESSIVE;
				GCC_WARN_UNUSED_FUNCTION = YES;
				GCC_WARN_UNUSED_VARIABLE = YES;
				IPHONEOS_DEPLOYMENT_TARGET = 15.5;
				MTL_ENABLE_DEBUG_INFO = INCLUDE_SOURCE;
				MTL_FAST_MATH = YES;
				ONLY_ACTIVE_ARCH = YES;
				SDKROOT = iphoneos;
				SWIFT_ACTIVE_COMPILATION_CONDITIONS = DEBUG;
				SWIFT_OPTIMIZATION_LEVEL = "-Onone";
			};
			name = Debug;
		};
		3C91443C289144D8004FA92E /* Release */ = {
			isa = XCBuildConfiguration;
			buildSettings = {
				ALWAYS_SEARCH_USER_PATHS = NO;
				CLANG_ANALYZER_NONNULL = YES;
				CLANG_ANALYZER_NUMBER_OBJECT_CONVERSION = YES_AGGRESSIVE;
				CLANG_CXX_LANGUAGE_STANDARD = "gnu++17";
				CLANG_ENABLE_MODULES = YES;
				CLANG_ENABLE_OBJC_ARC = YES;
				CLANG_ENABLE_OBJC_WEAK = YES;
				CLANG_WARN_BLOCK_CAPTURE_AUTORELEASING = YES;
				CLANG_WARN_BOOL_CONVERSION = YES;
				CLANG_WARN_COMMA = YES;
				CLANG_WARN_CONSTANT_CONVERSION = YES;
				CLANG_WARN_DEPRECATED_OBJC_IMPLEMENTATIONS = YES;
				CLANG_WARN_DIRECT_OBJC_ISA_USAGE = YES_ERROR;
				CLANG_WARN_DOCUMENTATION_COMMENTS = YES;
				CLANG_WARN_EMPTY_BODY = YES;
				CLANG_WARN_ENUM_CONVERSION = YES;
				CLANG_WARN_INFINITE_RECURSION = YES;
				CLANG_WARN_INT_CONVERSION = YES;
				CLANG_WARN_NON_LITERAL_NULL_CONVERSION = YES;
				CLANG_WARN_OBJC_IMPLICIT_RETAIN_SELF = YES;
				CLANG_WARN_OBJC_LITERAL_CONVERSION = YES;
				CLANG_WARN_OBJC_ROOT_CLASS = YES_ERROR;
				CLANG_WARN_QUOTED_INCLUDE_IN_FRAMEWORK_HEADER = YES;
				CLANG_WARN_RANGE_LOOP_ANALYSIS = YES;
				CLANG_WARN_STRICT_PROTOTYPES = YES;
				CLANG_WARN_SUSPICIOUS_MOVE = YES;
				CLANG_WARN_UNGUARDED_AVAILABILITY = YES_AGGRESSIVE;
				CLANG_WARN_UNREACHABLE_CODE = YES;
				CLANG_WARN__DUPLICATE_METHOD_MATCH = YES;
				COPY_PHASE_STRIP = NO;
				DEBUG_INFORMATION_FORMAT = "dwarf-with-dsym";
				ENABLE_NS_ASSERTIONS = NO;
				ENABLE_STRICT_OBJC_MSGSEND = YES;
				GCC_C_LANGUAGE_STANDARD = gnu11;
				GCC_NO_COMMON_BLOCKS = YES;
				GCC_WARN_64_TO_32_BIT_CONVERSION = YES;
				GCC_WARN_ABOUT_RETURN_TYPE = YES_ERROR;
				GCC_WARN_UNDECLARED_SELECTOR = YES;
				GCC_WARN_UNINITIALIZED_AUTOS = YES_AGGRESSIVE;
				GCC_WARN_UNUSED_FUNCTION = YES;
				GCC_WARN_UNUSED_VARIABLE = YES;
				IPHONEOS_DEPLOYMENT_TARGET = 15.5;
				MTL_ENABLE_DEBUG_INFO = NO;
				MTL_FAST_MATH = YES;
				SDKROOT = iphoneos;
				SWIFT_COMPILATION_MODE = wholemodule;
				SWIFT_OPTIMIZATION_LEVEL = "-O";
				VALIDATE_PRODUCT = YES;
			};
			name = Release;
		};
		3C91443E289144D8004FA92E /* Debug */ = {
			isa = XCBuildConfiguration;
			buildSettings = {
				ASSETCATALOG_COMPILER_APPICON_NAME = AppIcon;
				ASSETCATALOG_COMPILER_GLOBAL_ACCENT_COLOR_NAME = AccentColor;
				CODE_SIGN_STYLE = Automatic;
				CURRENT_PROJECT_VERSION = 1;
				DEVELOPMENT_ASSET_PATHS = "\"Fructus/Preview Content\"";
				DEVELOPMENT_TEAM = 6VNA79VZQ4;
				ENABLE_PREVIEWS = YES;
				GENERATE_INFOPLIST_FILE = YES;
				INFOPLIST_KEY_UIApplicationSceneManifest_Generation = YES;
				INFOPLIST_KEY_UIApplicationSupportsIndirectInputEvents = YES;
				INFOPLIST_KEY_UILaunchScreen_Generation = YES;
				INFOPLIST_KEY_UISupportedInterfaceOrientations = UIInterfaceOrientationPortrait;
				INFOPLIST_KEY_UISupportedInterfaceOrientations_iPad = "UIInterfaceOrientationPortrait UIInterfaceOrientationPortraitUpsideDown UIInterfaceOrientationLandscapeLeft UIInterfaceOrientationLandscapeRight";
				INFOPLIST_KEY_UISupportedInterfaceOrientations_iPhone = "UIInterfaceOrientationPortrait UIInterfaceOrientationLandscapeLeft UIInterfaceOrientationLandscapeRight";
				IPHONEOS_DEPLOYMENT_TARGET = 15.5;
				LD_RUNPATH_SEARCH_PATHS = (
					"$(inherited)",
					"@executable_path/Frameworks",
				);
				MARKETING_VERSION = 1.0;
				PRODUCT_BUNDLE_IDENTIFIER = com.takomenteshashvili.Fructus;
				PRODUCT_NAME = "$(TARGET_NAME)";
				SWIFT_EMIT_LOC_STRINGS = YES;
				SWIFT_VERSION = 5.0;
				TARGETED_DEVICE_FAMILY = "1,2";
			};
			name = Debug;
		};
		3C91443F289144D8004FA92E /* Release */ = {
			isa = XCBuildConfiguration;
			buildSettings = {
				ASSETCATALOG_COMPILER_APPICON_NAME = AppIcon;
				ASSETCATALOG_COMPILER_GLOBAL_ACCENT_COLOR_NAME = AccentColor;
				CODE_SIGN_STYLE = Automatic;
				CURRENT_PROJECT_VERSION = 1;
				DEVELOPMENT_ASSET_PATHS = "\"Fructus/Preview Content\"";
				DEVELOPMENT_TEAM = 6VNA79VZQ4;
				ENABLE_PREVIEWS = YES;
				GENERATE_INFOPLIST_FILE = YES;
				INFOPLIST_KEY_UIApplicationSceneManifest_Generation = YES;
				INFOPLIST_KEY_UIApplicationSupportsIndirectInputEvents = YES;
				INFOPLIST_KEY_UILaunchScreen_Generation = YES;
				INFOPLIST_KEY_UISupportedInterfaceOrientations = UIInterfaceOrientationPortrait;
				INFOPLIST_KEY_UISupportedInterfaceOrientations_iPad = "UIInterfaceOrientationPortrait UIInterfaceOrientationPortraitUpsideDown UIInterfaceOrientationLandscapeLeft UIInterfaceOrientationLandscapeRight";
				INFOPLIST_KEY_UISupportedInterfaceOrientations_iPhone = "UIInterfaceOrientationPortrait UIInterfaceOrientationLandscapeLeft UIInterfaceOrientationLandscapeRight";
				IPHONEOS_DEPLOYMENT_TARGET = 15.5;
				LD_RUNPATH_SEARCH_PATHS = (
					"$(inherited)",
					"@executable_path/Frameworks",
				);
				MARKETING_VERSION = 1.0;
				PRODUCT_BUNDLE_IDENTIFIER = com.takomenteshashvili.Fructus;
				PRODUCT_NAME = "$(TARGET_NAME)";
				SWIFT_EMIT_LOC_STRINGS = YES;
				SWIFT_VERSION = 5.0;
				TARGETED_DEVICE_FAMILY = "1,2";
			};
			name = Release;
		};
/* End XCBuildConfiguration section */

/* Begin XCConfigurationList section */
		3C91442A289144D7004FA92E /* Build configuration list for PBXProject "Fructus" */ = {
			isa = XCConfigurationList;
			buildConfigurations = (
				3C91443B289144D8004FA92E /* Debug */,
				3C91443C289144D8004FA92E /* Release */,
			);
			defaultConfigurationIsVisible = 0;
			defaultConfigurationName = Release;
		};
		3C91443D289144D8004FA92E /* Build configuration list for PBXNativeTarget "Fructus" */ = {
			isa = XCConfigurationList;
			buildConfigurations = (
				3C91443E289144D8004FA92E /* Debug */,
				3C91443F289144D8004FA92E /* Release */,
			);
			defaultConfigurationIsVisible = 0;
			defaultConfigurationName = Release;
		};
/* End XCConfigurationList section */
	};
	rootObject = 3C914427289144D7004FA92E /* Project object */;
}
